{
  "name": "altiair-cask-edge",
  "version": "0.1.0",
  "lockfileVersion": 3,
  "requires": true,
  "packages": {
    "": {
      "name": "altiair-cask-edge",
      "version": "0.1.0",
      "dependencies": {
        "@osdk/client": "^2.13.0",
        "@osdk/oauth": "^1.9.0"
      },
      "devDependencies": {
        "@types/node": "^22.15.3",
        "tsx": "^4.19.4",
        "typescript": "^5.8.3"
      },
      "engines": {
        "node": ">=18"
      }
    },
    "node_modules/@esbuild/aix-ppc64": {
      "version": "0.27.7",
      "resolved": "https://registry.npmjs.org/@esbuild/aix-ppc64/-/aix-ppc64-0.27.7.tgz",
      "integrity": "sha512-EKX3Qwmhz1eMdEJokhALr0YiD0lhQNwDqkPYyPhiSwKrh7/4KRjQc04sZ8db+5DVVnZ1LmbNDI1uAMPEUBnQPg==",
      "cpu": [
        "ppc64"
      ],
      "dev": true,
      "license": "MIT",
      "optional": true,
      "os": [
        "aix"
      ],
      "engines": {
        "node": ">=18"
      }
    },
    "node_modules/@esbuild/android-arm": {
      "version": "0.27.7",
      "resolved": "https://registry.npmjs.org/@esbuild/android-arm/-/android-arm-0.27.7.tgz",
      "integrity": "sha512-jbPXvB4Yj2yBV7HUfE2KHe4GJX51QplCN1pGbYjvsyCZbQmies29EoJbkEc+vYuU5o45AfQn37vZlyXy4YJ8RQ==",
      "cpu": [
        "arm"
      ],
      "dev": true,
      "license": "MIT",
      "optional": true,
      "os": [
        "android"
      ],
      "engines": {
        "node": ">=18"
      }
    },
    "node_modules/@esbuild/android-arm64": {
      "version": "0.27.7",
      "resolved": "https://registry.npmjs.org/@esbuild/android-arm64/-/android-arm64-0.27.7.tgz",
      "integrity": "sha512-62dPZHpIXzvChfvfLJow3q5dDtiNMkwiRzPylSCfriLvZeq0a1bWChrGx/BbUbPwOrsWKMn8idSllklzBy+dgQ==",
      "cpu": [
        "arm64"
      ],
      "dev": true,
      "license": "MIT",
      "optional": true,
      "os": [
        "android"
      ],
      "engines": {
        "node": ">=18"
      }
    },
    "node_modules/@esbuild/android-x64": {
      "version": "0.27.7",
      "resolved": "https://registry.npmjs.org/@esbuild/android-x64/-/android-x64-0.27.7.tgz",
      "integrity": "sha512-x5VpMODneVDb70PYV2VQOmIUUiBtY3D3mPBG8NxVk5CogneYhkR7MmM3yR/uMdITLrC1ml/NV1rj4bMJuy9MCg==",
      "cpu": [
        "x64"
      ],
      "dev": true,
      "license": "MIT",
      "optional": true,
      "os": [
        "android"
      ],
      "engines": {
        "node": ">=18"
      }
    },
    "node_modules/@esbuild/darwin-arm64": {
      "version": "0.27.7",
      "resolved": "https://registry.npmjs.org/@esbuild/darwin-arm64/-/darwin-arm64-0.27.7.tgz",
      "integrity": "sha512-5lckdqeuBPlKUwvoCXIgI2D9/ABmPq3Rdp7IfL70393YgaASt7tbju3Ac+ePVi3KDH6N2RqePfHnXkaDtY9fkw==",
      "cpu": [
        "arm64"
      ],
      "dev": true,
      "license": "MIT",
      "optional": true,
      "os": [
        "darwin"
      ],
      "engines": {
        "node": ">=18"
      }
    },
    "node_modules/@esbuild/darwin-x64": {
      "version": "0.27.7",
      "resolved": "https://registry.npmjs.org/@esbuild/darwin-x64/-/darwin-x64-0.27.7.tgz",
      "integrity": "sha512-rYnXrKcXuT7Z+WL5K980jVFdvVKhCHhUwid+dDYQpH+qu+TefcomiMAJpIiC2EM3Rjtq0sO3StMV/+3w3MyyqQ==",
      "cpu": [
        "x64"
      ],
      "dev": true,
      "license": "MIT",
      "optional": true,
      "os": [
        "darwin"
      ],
      "engines": {
        "node": ">=18"
      }
    },
    "node_modules/@esbuild/freebsd-arm64": {
      "version": "0.27.7",
      "resolved": "https://registry.npmjs.org/@esbuild/freebsd-arm64/-/freebsd-arm64-0.27.7.tgz",
      "integrity": "sha512-B48PqeCsEgOtzME2GbNM2roU29AMTuOIN91dsMO30t+Ydis3z/3Ngoj5hhnsOSSwNzS+6JppqWsuhTp6E82l2w==",
      "cpu": [
        "arm64"
      ],
      "dev": true,
      "license": "MIT",
      "optional": true,
      "os": [
        "freebsd"
      ],
      "engines": {
        "node": ">=18"
      }
    },
    "node_modules/@esbuild/freebsd-x64": {
      "version": "0.27.7",
      "resolved": "https://registry.npmjs.org/@esbuild/freebsd-x64/-/freebsd-x64-0.27.7.tgz",
      "integrity": "sha512-jOBDK5XEjA4m5IJK3bpAQF9/Lelu/Z9ZcdhTRLf4cajlB+8VEhFFRjWgfy3M1O4rO2GQ/b2dLwCUGpiF/eATNQ==",
      "cpu": [
        "x64"
      ],
      "dev": true,
      "license": "MIT",
      "optional": true,
      "os": [
        "freebsd"
      ],
      "engines": {
        "node": ">=18"
      }
    },
    "node_modules/@esbuild/linux-arm": {
      "version": "0.27.7",
      "resolved": "https://registry.npmjs.org/@esbuild/linux-arm/-/linux-arm-0.27.7.tgz",
      "integrity": "sha512-RkT/YXYBTSULo3+af8Ib0ykH8u2MBh57o7q/DAs3lTJlyVQkgQvlrPTnjIzzRPQyavxtPtfg0EopvDyIt0j1rA==",
      "cpu": [
        "arm"
      ],
      "dev": true,
      "license": "MIT",
      "optional": true,
      "os": [
        "linux"
      ],
      "engines": {
        "node": ">=18"
      }
    },
    "node_modules/@esbuild/linux-arm64": {
      "version": "0.27.7",
      "resolved": "https://registry.npmjs.org/@esbuild/linux-arm64/-/linux-arm64-0.27.7.tgz",
      "integrity": "sha512-RZPHBoxXuNnPQO9rvjh5jdkRmVizktkT7TCDkDmQ0W2SwHInKCAV95GRuvdSvA7w4VMwfCjUiPwDi0ZO6Nfe9A==",
      "cpu": [
        "arm64"
      ],
      "dev": true,
      "license": "MIT",
      "optional": true,
      "os": [
        "linux"
      ],
      "engines": {
        "node": ">=18"
      }
    },
    "node_modules/@esbuild/linux-ia32": {
      "version": "0.27.7",
      "resolved": "https://registry.npmjs.org/@esbuild/linux-ia32/-/linux-ia32-0.27.7.tgz",
      "integrity": "sha512-GA48aKNkyQDbd3KtkplYWT102C5sn/EZTY4XROkxONgruHPU72l+gW+FfF8tf2cFjeHaRbWpOYa/uRBz/Xq1Pg==",
      "cpu": [
        "ia32"
      ],
      "dev": true,
      "license": "MIT",
      "optional": true,
      "os": [
        "linux"
      ],
      "engines": {
        "node": ">=18"
      }
    },
    "node_modules/@esbuild/linux-loong64": {
      "version": "0.27.7",
      "resolved": "https://registry.npmjs.org/@esbuild/linux-loong64/-/linux-loong64-0.27.7.tgz",
      "integrity": "sha512-a4POruNM2oWsD4WKvBSEKGIiWQF8fZOAsycHOt6JBpZ+JN2n2JH9WAv56SOyu9X5IqAjqSIPTaJkqN8F7XOQ5Q==",
      "cpu": [
        "loong64"
      ],
      "dev": true,
      "license": "MIT",
      "optional": true,
      "os": [
        "linux"
      ],
      "engines": {
        "node": ">=18"
      }
    },
    "node_modules/@esbuild/linux-mips64el": {
      "version": "0.27.7",
      "resolved": "https://registry.npmjs.org/@esbuild/linux-mips64el/-/linux-mips64el-0.27.7.tgz",
      "integrity": "sha512-KabT5I6StirGfIz0FMgl1I+R1H73Gp0ofL9A3nG3i/cYFJzKHhouBV5VWK1CSgKvVaG4q1RNpCTR2LuTVB3fIw==",
      "cpu": [
        "mips64el"
      ],
      "dev": true,
      "license": "MIT",
      "optional": true,
      "os": [
        "linux"
      ],
      "engines": {
        "node": ">=18"
      }
    },
    "node_modules/@esbuild/linux-ppc64": {
      "version": "0.27.7",
      "resolved": "https://registry.npmjs.org/@esbuild/linux-ppc64/-/linux-ppc64-0.27.7.tgz",
      "integrity": "sha512-gRsL4x6wsGHGRqhtI+ifpN/vpOFTQtnbsupUF5R5YTAg+y/lKelYR1hXbnBdzDjGbMYjVJLJTd2OFmMewAgwlQ==",
      "cpu": [
        "ppc64"
      ],
      "dev": true,
      "license": "MIT",
      "optional": true,
      "os": [
        "linux"
      ],
      "engines": {
        "node": ">=18"
      }
    },
    "node_modules/@esbuild/linux-riscv64": {
      "version": "0.27.7",
      "resolved": "https://registry.npmjs.org/@esbuild/linux-riscv64/-/linux-riscv64-0.27.7.tgz",
      "integrity": "sha512-hL25LbxO1QOngGzu2U5xeXtxXcW+/GvMN3ejANqXkxZ/opySAZMrc+9LY/WyjAan41unrR3YrmtTsUpwT66InQ==",
      "cpu": [
        "riscv64"
      ],
      "dev": true,
      "license": "MIT",
      "optional": true,
      "os": [
        "linux"
      ],
      "engines": {
        "node": ">=18"
      }
    },
    "node_modules/@esbuild/linux-s390x": {
      "version": "0.27.7",
      "resolved": "https://registry.npmjs.org/@esbuild/linux-s390x/-/linux-s390x-0.27.7.tgz",
      "integrity": "sha512-2k8go8Ycu1Kb46vEelhu1vqEP+UeRVj2zY1pSuPdgvbd5ykAw82Lrro28vXUrRmzEsUV0NzCf54yARIK8r0fdw==",
      "cpu": [
        "s390x"
      ],
      "dev": true,
      "license": "MIT",
      "optional": true,
      "os": [
        "linux"
      ],
      "engines": {
        "node": ">=18"
      }
    },
    "node_modules/@esbuild/linux-x64": {
      "version": "0.27.7",
      "resolved": "https://registry.npmjs.org/@esbuild/linux-x64/-/linux-x64-0.27.7.tgz",
      "integrity": "sha512-hzznmADPt+OmsYzw1EE33ccA+HPdIqiCRq7cQeL1Jlq2gb1+OyWBkMCrYGBJ+sxVzve2ZJEVeePbLM2iEIZSxA==",
      "cpu": [
        "x64"
      ],
      "dev": true,
      "license": "MIT",
      "optional": true,
      "os": [
        "linux"
      ],
      "engines": {
        "node": ">=18"
      }
    },
    "node_modules/@esbuild/netbsd-arm64": {
      "version": "0.27.7",
      "resolved": "https://registry.npmjs.org/@esbuild/netbsd-arm64/-/netbsd-arm64-0.27.7.tgz",
      "integrity": "sha512-b6pqtrQdigZBwZxAn1UpazEisvwaIDvdbMbmrly7cDTMFnw/+3lVxxCTGOrkPVnsYIosJJXAsILG9XcQS+Yu6w==",
      "cpu": [
        "arm64"
      ],
      "dev": true,
      "license": "MIT",
      "optional": true,
      "os": [
        "netbsd"
      ],
      "engines": {
        "node": ">=18"
      }
    },
    "node_modules/@esbuild/netbsd-x64": {
      "version": "0.27.7",
      "resolved": "https://registry.npmjs.org/@esbuild/netbsd-x64/-/netbsd-x64-0.27.7.tgz",
      "integrity": "sha512-OfatkLojr6U+WN5EDYuoQhtM+1xco+/6FSzJJnuWiUw5eVcicbyK3dq5EeV/QHT1uy6GoDhGbFpprUiHUYggrw==",
      "cpu": [
        "x64"
      ],
      "dev": true,
      "license": "MIT",
      "optional": true,
      "os": [
        "netbsd"
      ],
      "engines": {
        "node": ">=18"
      }
    },
    "node_modules/@esbuild/openbsd-arm64": {
      "version": "0.27.7",
      "resolved": "https://registry.npmjs.org/@esbuild/openbsd-arm64/-/openbsd-arm64-0.27.7.tgz",
      "integrity": "sha512-AFuojMQTxAz75Fo8idVcqoQWEHIXFRbOc1TrVcFSgCZtQfSdc1RXgB3tjOn/krRHENUB4j00bfGjyl2mJrU37A==",
      "cpu": [
        "arm64"
      ],
      "dev": true,
      "license": "MIT",
      "optional": true,
      "os": [
        "openbsd"
      ],
      "engines": {
        "node": ">=18"
      }
    },
    "node_modules/@esbuild/openbsd-x64": {
      "version": "0.27.7",
      "resolved": "https://registry.npmjs.org/@esbuild/openbsd-x64/-/openbsd-x64-0.27.7.tgz",
      "integrity": "sha512-+A1NJmfM8WNDv5CLVQYJ5PshuRm/4cI6WMZRg1by1GwPIQPCTs1GLEUHwiiQGT5zDdyLiRM/l1G0Pv54gvtKIg==",
      "cpu": [
        "x64"
      ],
      "dev": true,
      "license": "MIT",
      "optional": true,
      "os": [
        "openbsd"
      ],
      "engines": {
        "node": ">=18"
      }
    },
    "node_modules/@esbuild/openharmony-arm64": {
      "version": "0.27.7",
      "resolved": "https://registry.npmjs.org/@esbuild/openharmony-arm64/-/openharmony-arm64-0.27.7.tgz",
      "integrity": "sha512-+KrvYb/C8zA9CU/g0sR6w2RBw7IGc5J2BPnc3dYc5VJxHCSF1yNMxTV5LQ7GuKteQXZtspjFbiuW5/dOj7H4Yw==",
      "cpu": [
        "arm64"
      ],
      "dev": true,
      "license": "MIT",
      "optional": true,
      "os": [
        "openharmony"
      ],
      "engines": {
        "node": ">=18"
      }
    },
    "node_modules/@esbuild/sunos-x64": {
      "version": "0.27.7",
      "resolved": "https://registry.npmjs.org/@esbuild/sunos-x64/-/sunos-x64-0.27.7.tgz",
      "integrity": "sha512-ikktIhFBzQNt/QDyOL580ti9+5mL/YZeUPKU2ivGtGjdTYoqz6jObj6nOMfhASpS4GU4Q/Clh1QtxWAvcYKamA==",
      "cpu": [
        "x64"
      ],
      "dev": true,
      "license": "MIT",
      "optional": true,
      "os": [
        "sunos"
      ],
      "engines": {
        "node": ">=18"
      }
    },
    "node_modules/@esbuild/win32-arm64": {
      "version": "0.27.7",
      "resolved": "https://registry.npmjs.org/@esbuild/win32-arm64/-/win32-arm64-0.27.7.tgz",
      "integrity": "sha512-7yRhbHvPqSpRUV7Q20VuDwbjW5kIMwTHpptuUzV+AA46kiPze5Z7qgt6CLCK3pWFrHeNfDd1VKgyP4O+ng17CA==",
      "cpu": [
        "arm64"
      ],
      "dev": true,
      "license": "MIT",
      "optional": true,
      "os": [
        "win32"
      ],
      "engines": {
        "node": ">=18"
      }
    },
    "node_modules/@esbuild/win32-ia32": {
      "version": "0.27.7",
      "resolved": "https://registry.npmjs.org/@esbuild/win32-ia32/-/win32-ia32-0.27.7.tgz",
      "integrity": "sha512-SmwKXe6VHIyZYbBLJrhOoCJRB/Z1tckzmgTLfFYOfpMAx63BJEaL9ExI8x7v0oAO3Zh6D/Oi1gVxEYr5oUCFhw==",
      "cpu": [
        "ia32"
      ],
      "dev": true,
      "license": "MIT",
      "optional": true,
      "os": [
        "win32"
      ],
      "engines": {
        "node": ">=18"
      }
    },
    "node_modules/@esbuild/win32-x64": {
      "version": "0.27.7",
      "resolved": "https://registry.npmjs.org/@esbuild/win32-x64/-/win32-x64-0.27.7.tgz",
      "integrity": "sha512-56hiAJPhwQ1R4i+21FVF7V8kSD5zZTdHcVuRFMW0hn753vVfQN8xlx4uOPT4xoGH0Z/oVATuR82AiqSTDIpaHg==",
      "cpu": [
        "x64"
      ],
      "dev": true,
      "license": "MIT",
      "optional": true,
      "os": [
        "win32"
      ],
      "engines": {
        "node": ">=18"
      }
    },
    "node_modules/@osdk/api": {
      "version": "2.13.0",
      "resolved": "https://registry.npmjs.org/@osdk/api/-/api-2.13.0.tgz",
      "integrity": "sha512-8VqCtDbEh/5rqpuxiQ3l69YV77BwfVNDGzu+iAN712S2hiSonTYeysLp34iL1U62eiv4cw/JQRfr1tg+5yuMuw==",
      "license": "Apache-2.0",
      "dependencies": {
        "@types/geojson": "^7946.0.16",
        "fetch-retry": "^6.0.0",
        "tiny-invariant": "^1.3.3",
        "type-fest": "^4.41.0"
      }
    },
    "node_modules/@osdk/client": {
      "version": "2.13.0",
      "resolved": "https://registry.npmjs.org/@osdk/client/-/client-2.13.0.tgz",
      "integrity": "sha512-VbUpsP6VvlV36U5ifysaThK253p+A0NkMqoCnkrWmpSfV8/kLe4LmkM3qTk6GHwTkPFr7QscUpSG6X3i40tCbw==",
      "license": "Apache-2.0",
      "dependencies": {
        "@osdk/api": "~2.13.0",
        "@osdk/client.unstable": "2.13.0",
        "@osdk/foundry.core": "2.57.0",
        "@osdk/foundry.mediasets": "2.57.0",
        "@osdk/foundry.ontologies": "2.57.0",
        "@osdk/generator-converters": "2.13.0",
        "@osdk/shared.client": "^1.0.1",
        "@osdk/shared.client.impl": "~1.11.0",
        "@osdk/shared.client2": "^1.0.0",
        "@osdk/shared.net.errors": "~2.9.0",
        "@osdk/shared.net.fetch": "~1.9.0",
        "@types/geojson": "^7946.0.16",
        "@wry/trie": "^0.5.0",
        "conjure-lite": "0.7.3",
        "fast-deep-equal": "^3.1.3",
        "isomorphic-ws": "^5.0.0",
        "p-defer": "^4.0.1",
        "rxjs": "^7.8.2",
        "tiny-invariant": "^1.3.3",
        "type-fest": "^4.41.0",
        "ws": "^8.18.3"
      },
      "peerDependencies": {
        "@osdk/shared.test": "^2.11.0"
      },
      "peerDependenciesMeta": {
        "@osdk/shared.test": {
          "optional": true
        }
      }
    },
    "node_modules/@osdk/client.unstable": {
      "version": "2.13.0",
      "resolved": "https://registry.npmjs.org/@osdk/client.unstable/-/client.unstable-2.13.0.tgz",
      "integrity": "sha512-HTP37QigMdf1oxidMhgkfoNMy9EVBHpAHqXXNNa6ivVZscYdGTLnSFLN5Js2m9EkIic2rN7QAMxbUQr6FvXlZw==",
      "license": "Apache-2.0",
      "dependencies": {
        "conjure-lite": "^0.4.4"
      }
    },
    "node_modules/@osdk/client.unstable/node_modules/conjure-lite": {
      "version": "0.4.4",
      "resolved": "https://registry.npmjs.org/conjure-lite/-/conjure-lite-0.4.4.tgz",
      "integrity": "sha512-WHmOLegM2L7WOxsDaNfobjLdKc0uzYWXvDTRZrnqkK58W/A+m4kkH/QVsyUdHhLA7ayRhAcoovuKJNfS/SKmqQ==",
      "license": "Apache-2.0",
      "bin": {
        "conjure-lite": "dist/conjure-lite.mjs"
      }
    },
    "node_modules/@osdk/foundry.core": {
      "version": "2.57.0",
      "resolved": "https://registry.npmjs.org/@osdk/foundry.core/-/foundry.core-2.57.0.tgz",
      "integrity": "sha512-5oNC5ey1hcLt6OlpmgR3En9RpMJbQXnD4tj3T/Qkp7Q3SWJLSrIei9Jc4Qg0wGOH4anhU07U1uB2hyEAs3i4Ew==",
      "license": "Apache-2.0",
      "dependencies": {
        "@osdk/foundry.geo": "2.57.0",
        "@osdk/shared.client": "^1.0.1",
        "@osdk/shared.client2": "^1.0.0",
        "@osdk/shared.net.platformapi": "~1.6.0"
      }
    },
    "node_modules/@osdk/foundry.geo": {
      "version": "2.57.0",
      "resolved": "https://registry.npmjs.org/@osdk/foundry.geo/-/foundry.geo-2.57.0.tgz",
      "integrity": "sha512-zXw8vOdOa0duHopZJV9N9WGx5ApRhj2QSGWjY+dYOS+Xw5xyOXJ7m5gEtlFzJCXTJsi8rqwMRFvq5SI2oYpOsw==",
      "license": "Apache-2.0",
      "dependencies": {
        "@osdk/shared.client": "^1.0.1",
        "@osdk/shared.client2": "^1.0.0",
        "@osdk/shared.net.platformapi": "~1.6.0"
      }
    },
    "node_modules/@osdk/foundry.mediasets": {
      "version": "2.57.0",
      "resolved": "https://registry.npmjs.org/@osdk/foundry.mediasets/-/foundry.mediasets-2.57.0.tgz",
      "integrity": "sha512-VU5G5sRN2/454KX80Nr+rtq2mO697hTD8Az4w7pwgklaBi9Wky+asHJBH9PZ7wvDwYOQVKpRc+3BnNd49MzhyQ==",
      "license": "Apache-2.0",
      "dependencies": {
        "@osdk/foundry.core": "2.57.0",
        "@osdk/shared.client": "^1.0.1",
        "@osdk/shared.client2": "^1.0.0",
        "@osdk/shared.net.platformapi": "~1.6.0"
      }
    },
    "node_modules/@osdk/foundry.ontologies": {
      "version": "2.57.0",
      "resolved": "https://registry.npmjs.org/@osdk/foundry.ontologies/-/foundry.ontologies-2.57.0.tgz",
      "integrity": "sha512-yAQqEY1EhtVg7tEAW7tqVikNr2EMjDEdDX3ApSTXTU0vCB3FqYL0q4++p/nbnZ+9BbSus1WkrqBclGEhe6G+/w==",
      "license": "Apache-2.0",
      "dependencies": {
        "@osdk/foundry.core": "2.57.0",
        "@osdk/foundry.geo": "2.57.0",
        "@osdk/shared.client": "^1.0.1",
        "@osdk/shared.client2": "^1.0.0",
        "@osdk/shared.net.platformapi": "~1.6.0"
      }
    },
    "node_modules/@osdk/generator-converters": {
      "version": "2.13.0",
      "resolved": "https://registry.npmjs.org/@osdk/generator-converters/-/generator-converters-2.13.0.tgz",
      "integrity": "sha512-o9pO1jhtz477x+8LyeIPSRcGlswqjBdnm6PxkW9+uLnRTSpS4/OmD92e54YKmFfHozpauFL/BKqktzHrkJ5Xjg==",
      "license": "Apache-2.0",
      "dependencies": {
        "@osdk/api": "~2.13.0",
        "@osdk/foundry.ontologies": "2.57.0"
      }
    },
    "node_modules/@osdk/oauth": {
      "version": "1.9.0",
      "resolved": "https://registry.npmjs.org/@osdk/oauth/-/oauth-1.9.0.tgz",
      "integrity": "sha512-RhF7CT3asuBneSmuZ8qbwimFGqnEVmgC/sZFGMLZrTbcRJMaRjK6WDo7IHMPNH8MAbW/4abEgCWRM5DUwu3/GA==",
      "license": "Apache-2.0",
      "dependencies": {
        "oauth4webapi": "^2.17.0",
        "tiny-invariant": "^1.3.3",
        "typescript-event-target": "^1.1.1"
      }
    },
    "node_modules/@osdk/shared.client": {
      "version": "1.0.1",
      "resolved": "https://registry.npmjs.org/@osdk/shared.client/-/shared.client-1.0.1.tgz",
      "integrity": "sha512-yTH9nOn46SV2Vh8gtHI1DkNa7VatIaQdb3lp7LLREqviY7bjAQI9+IYK/oMSUYkHgB8uU1JIP1qgVETamhS7VA==",
      "license": "Apache-2.0"
    },
    "node_modules/@osdk/shared.client.impl": {
      "version": "1.11.0",
      "resolved": "https://registry.npmjs.org/@osdk/shared.client.impl/-/shared.client.impl-1.11.0.tgz",
      "integrity": "sha512-3z1wmsN1AEz4ECCwnRLsa4GQxbIQNwKZn9lpyTmYQ7TWwEjI9CKO58TozShpW6FEADxviFg3cQxMznD8egVr5w==",
      "license": "Apache-2.0",
      "dependencies": {
        "@osdk/shared.client": "^1.0.1",
        "@osdk/shared.client2": "^1.0.0",
        "@osdk/shared.net.errors": "~2.9.0",
        "@osdk/shared.net.fetch": "~1.9.0"
      }
    },
    "node_modules/@osdk/shared.client2": {
      "version": "1.0.0",
      "resolved": "https://registry.npmjs.org/@osdk/shared.client2/-/shared.client2-1.0.0.tgz",
      "integrity": "sha512-AZiDypfNrsH/men2mB12KDQM8t5iGyUI7QO2BTpgQ1pNKgwdILUY/xBsNEAUCnp0eYqSuPI1puJuJB2xogMDHA==",
      "license": "Apache-2.0"
    },
    "node_modules/@osdk/shared.net.errors": {
      "version": "2.9.0",
      "resolved": "https://registry.npmjs.org/@osdk/shared.net.errors/-/shared.net.errors-2.9.0.tgz",
      "integrity": "sha512-qkSH4C1X72Uk1UosV8bU/OJdXymP7LPwPZPShZ7RUz1rzWQtT3R90eVQ8SSm52rWcER5weoZjBrKhZqHGdp2WA==",
      "license": "Apache-2.0"
    },
    "node_modules/@osdk/shared.net.fetch": {
      "version": "1.9.0",
      "resolved": "https://registry.npmjs.org/@osdk/shared.net.fetch/-/shared.net.fetch-1.9.0.tgz",
      "integrity": "sha512-xMDdMIlHIHnW4gfsP/svLAcr1L8a7CCxFvf7AGpb0e1NKRffJ9K2287KAQq9BQxm2zs6SdVVLKoJt+zpPCDuxA==",
      "license": "Apache-2.0",
      "dependencies": {
        "@osdk/shared.net.errors": "~2.9.0",
        "fetch-retry": "^6.0.0"
      }
    },
    "node_modules/@osdk/shared.net.platformapi": {
      "version": "1.6.0",
      "resolved": "https://registry.npmjs.org/@osdk/shared.net.platformapi/-/shared.net.platformapi-1.6.0.tgz",
      "integrity": "sha512-VaaG0e0fYXKim4vbb+JC3TR5Z7YX2XHZxIBwwsMdvsPEO0KJHwd57GPV4OO3IdlxQQUTCSh8ZwwpRTnnI3yq2Q==",
      "license": "Apache-2.0",
      "dependencies": {
        "@osdk/shared.client": "^1.0.1",
        "@osdk/shared.client2": "^1.0.0",
        "@osdk/shared.net.errors": "2.5.0-beta.2"
      }
    },
    "node_modules/@osdk/shared.net.platformapi/node_modules/@osdk/shared.net.errors": {
      "version": "2.5.0-beta.2",
      "resolved": "https://registry.npmjs.org/@osdk/shared.net.errors/-/shared.net.errors-2.5.0-beta.2.tgz",
      "integrity": "sha512-AlsMiED7KvvBD/z5fITxC9ftbdyZ4xZgVYx0rc3RWbUexDQfFpaa7PBHa1itDesGvG1zWKDZkBhNVzgDowN+Og==",
      "license": "Apache-2.0"
    },
    "node_modules/@types/geojson": {
      "version": "7946.0.16",
      "resolved": "https://registry.npmjs.org/@types/geojson/-/geojson-7946.0.16.tgz",
      "integrity": "sha512-6C8nqWur3j98U6+lXDfTUWIfgvZU+EumvpHKcYjujKH7woYyLj2sUmff0tRhrqM7BohUw7Pz3ZB1jj2gW9Fvmg==",
      "license": "MIT"
    },
    "node_modules/@types/node": {
      "version": "22.19.17",
      "resolved": "https://registry.npmjs.org/@types/node/-/node-22.19.17.tgz",
      "integrity": "sha512-wGdMcf+vPYM6jikpS/qhg6WiqSV/OhG+jeeHT/KlVqxYfD40iYJf9/AE1uQxVWFvU7MipKRkRv8NSHiCGgPr8Q==",
      "dev": true,
      "license": "MIT",
      "dependencies": {
        "undici-types": "~6.21.0"
      }
    },
    "node_modules/@wry/trie": {
      "version": "0.5.0",
      "resolved": "https://registry.npmjs.org/@wry/trie/-/trie-0.5.0.tgz",
      "integrity": "sha512-FNoYzHawTMk/6KMQoEG5O4PuioX19UbwdQKF44yw0nLfOypfQdjtfZzo/UIJWAJ23sNIFbD1Ug9lbaDGMwbqQA==",
      "license": "MIT",
      "dependencies": {
        "tslib": "^2.3.0"
      },
      "engines": {
        "node": ">=8"
      }
    },
    "node_modules/conjure-lite": {
      "version": "0.7.3",
      "resolved": "https://registry.npmjs.org/conjure-lite/-/conjure-lite-0.7.3.tgz",
      "integrity": "sha512-bqCie+lQDTstzqVs3/nE9oVMzHytBIJ1AZsNxU9XuOwVIDl2VdZ7AySOWIeEQsUjuKVkhoM03zbkxqeKSH8Izg==",
      "license": "Apache-2.0",
      "bin": {
        "conjure-lite": "dist/conjure-lite.mjs"
      }
    },
    "node_modules/esbuild": {
      "version": "0.27.7",
      "resolved": "https://registry.npmjs.org/esbuild/-/esbuild-0.27.7.tgz",
      "integrity": "sha512-IxpibTjyVnmrIQo5aqNpCgoACA/dTKLTlhMHihVHhdkxKyPO1uBBthumT0rdHmcsk9uMonIWS0m4FljWzILh3w==",
      "dev": true,
      "hasInstallScript": true,
      "license": "MIT",
      "bin": {
        "esbuild": "bin/esbuild"
      },
      "engines": {
        "node": ">=18"
      },
      "optionalDependencies": {
        "@esbuild/aix-ppc64": "0.27.7",
        "@esbuild/android-arm": "0.27.7",
        "@esbuild/android-arm64": "0.27.7",
        "@esbuild/android-x64": "0.27.7",
        "@esbuild/darwin-arm64": "0.27.7",
        "@esbuild/darwin-x64": "0.27.7",
        "@esbuild/freebsd-arm64": "0.27.7",
        "@esbuild/freebsd-x64": "0.27.7",
        "@esbuild/linux-arm": "0.27.7",
        "@esbuild/linux-arm64": "0.27.7",
        "@esbuild/linux-ia32": "0.27.7",
        "@esbuild/linux-loong64": "0.27.7",
        "@esbuild/linux-mips64el": "0.27.7",
        "@esbuild/linux-ppc64": "0.27.7",
        "@esbuild/linux-riscv64": "0.27.7",
        "@esbuild/linux-s390x": "0.27.7",
        "@esbuild/linux-x64": "0.27.7",
        "@esbuild/netbsd-arm64": "0.27.7",
        "@esbuild/netbsd-x64": "0.27.7",
        "@esbuild/openbsd-arm64": "0.27.7",
        "@esbuild/openbsd-x64": "0.27.7",
        "@esbuild/openharmony-arm64": "0.27.7",
        "@esbuild/sunos-x64": "0.27.7",
        "@esbuild/win32-arm64": "0.27.7",
        "@esbuild/win32-ia32": "0.27.7",
        "@esbuild/win32-x64": "0.27.7"
      }
    },
    "node_modules/fast-deep-equal": {
      "version": "3.1.3",
      "resolved": "https://registry.npmjs.org/fast-deep-equal/-/fast-deep-equal-3.1.3.tgz",
      "integrity": "sha512-f3qQ9oQy9j2AhBe/H9VC91wLmKBCCU/gDOnKNAYG5hswO7BLKj09Hc5HYNz9cGI++xlpDCIgDaitVs03ATR84Q==",
      "license": "MIT"
    },
    "node_modules/fetch-retry": {
      "version": "6.0.0",
      "resolved": "https://registry.npmjs.org/fetch-retry/-/fetch-retry-6.0.0.tgz",
      "integrity": "sha512-BUFj1aMubgib37I3v4q78fYo63Po7t4HUPTpQ6/QE6yK6cIQrP+W43FYToeTEyg5m2Y7eFUtijUuAv/PDlWuag==",
      "license": "MIT"
    },
    "node_modules/fsevents": {
      "version": "2.3.3",
      "resolved": "https://registry.npmjs.org/fsevents/-/fsevents-2.3.3.tgz",
      "integrity": "sha512-5xoDfX+fL7faATnagmWPpbFtwh/R77WmMMqqHGS65C3vvB0YHrgF+B1YmZ3441tMj5n63k0212XNoJwzlhffQw==",
      "dev": true,
      "hasInstallScript": true,
      "license": "MIT",
      "optional": true,
      "os": [
        "darwin"
      ],
      "engines": {
        "node": "^8.16.0 || ^10.6.0 || >=11.0.0"
      }
    },
    "node_modules/get-tsconfig": {
      "version": "4.14.0",
      "resolved": "https://registry.npmjs.org/get-tsconfig/-/get-tsconfig-4.14.0.tgz",
      "integrity": "sha512-yTb+8DXzDREzgvYmh6s9vHsSVCHeC0G3PI5bEXNBHtmshPnO+S5O7qgLEOn0I5QvMy6kpZN8K1NKGyilLb93wA==",
      "dev": true,
      "license": "MIT",
      "dependencies": {
        "resolve-pkg-maps": "^1.0.0"
      },
      "funding": {
        "url": "https://github.com/privatenumber/get-tsconfig?sponsor=1"
      }
    },
    "node_modules/isomorphic-ws": {
      "version": "5.0.0",
      "resolved": "https://registry.npmjs.org/isomorphic-ws/-/isomorphic-ws-5.0.0.tgz",
      "integrity": "sha512-muId7Zzn9ywDsyXgTIafTry2sV3nySZeUDe6YedVd1Hvuuep5AsIlqK+XefWpYTyJG5e503F2xIuT2lcU6rCSw==",
      "license": "MIT",
      "peerDependencies": {
        "ws": "*"
      }
    },
    "node_modules/oauth4webapi": {
      "version": "2.17.0",
      "resolved": "https://registry.npmjs.org/oauth4webapi/-/oauth4webapi-2.17.0.tgz",
      "integrity": "sha512-lbC0Z7uzAFNFyzEYRIC+pkSVvDHJTbEW+dYlSBAlCYDe6RxUkJ26bClhk8ocBZip1wfI9uKTe0fm4Ib4RHn6uQ==",
      "license": "MIT",
      "funding": {
        "url": "https://github.com/sponsors/panva"
      }
    },
    "node_modules/p-defer": {
      "version": "4.0.1",
      "resolved": "https://registry.npmjs.org/p-defer/-/p-defer-4.0.1.tgz",
      "integrity": "sha512-Mr5KC5efvAK5VUptYEIopP1bakB85k2IWXaRC0rsh1uwn1L6M0LVml8OIQ4Gudg4oyZakf7FmeRLkMMtZW1i5A==",
      "license": "MIT",
      "engines": {
        "node": ">=12"
      },
      "funding": {
        "url": "https://github.com/sponsors/sindresorhus"
      }
    },
    "node_modules/resolve-pkg-maps": {
      "version": "1.0.0",
      "resolved": "https://registry.npmjs.org/resolve-pkg-maps/-/resolve-pkg-maps-1.0.0.tgz",
      "integrity": "sha512-seS2Tj26TBVOC2NIc2rOe2y2ZO7efxITtLZcGSOnHHNOQ7CkiUBfw0Iw2ck6xkIhPwLhKNLS8BO+hEpngQlqzw==",
      "dev": true,
      "license": "MIT",
      "funding": {
        "url": "https://github.com/privatenumber/resolve-pkg-maps?sponsor=1"
      }
    },
    "node_modules/rxjs": {
      "version": "7.8.2",
      "resolved": "https://registry.npmjs.org/rxjs/-/rxjs-7.8.2.tgz",
      "integrity": "sha512-dhKf903U/PQZY6boNNtAGdWbG85WAbjT/1xYoZIC7FAY0yWapOBQVsVrDl58W86//e1VpMNBtRV4MaXfdMySFA==",
      "license": "Apache-2.0",
      "dependencies": {
        "tslib": "^2.1.0"
      }
    },
    "node_modules/tiny-invariant": {
      "version": "1.3.3",
      "resolved": "https://registry.npmjs.org/tiny-invariant/-/tiny-invariant-1.3.3.tgz",
      "integrity": "sha512-+FbBPE1o9QAYvviau/qC5SE3caw21q3xkvWKBtja5vgqOWIHHJ3ioaq1VPfn/Szqctz2bU/oYeKd9/z5BL+PVg==",
      "license": "MIT"
    },
    "node_modules/tslib": {
      "version": "2.8.1",
      "resolved": "https://registry.npmjs.org/tslib/-/tslib-2.8.1.tgz",
      "integrity": "sha512-oJFu94HQb+KVduSUQL7wnpmqnfmLsOA/nAh6b6EH0wCEoK0/mPeXU6c3wKDV83MkOuHPRHtSXKKU99IBazS/2w==",
      "license": "0BSD"
    },
    "node_modules/tsx": {
      "version": "4.21.0",
      "resolved": "https://registry.npmjs.org/tsx/-/tsx-4.21.0.tgz",
      "integrity": "sha512-5C1sg4USs1lfG0GFb2RLXsdpXqBSEhAaA/0kPL01wxzpMqLILNxIxIOKiILz+cdg/pLnOUxFYOR5yhHU666wbw==",
      "dev": true,
      "license": "MIT",
      "dependencies": {
        "esbuild": "~0.27.0",
        "get-tsconfig": "^4.7.5"
      },
      "bin": {
        "tsx": "dist/cli.mjs"
      },
      "engines": {
        "node": ">=18.0.0"
      },
      "optionalDependencies": {
        "fsevents": "~2.3.3"
      }
    },
    "node_modules/type-fest": {
      "version": "4.41.0",
      "resolved": "https://registry.npmjs.org/type-fest/-/type-fest-4.41.0.tgz",
      "integrity": "sha512-TeTSQ6H5YHvpqVwBRcnLDCBnDOHWYu7IvGbHT6N8AOymcr9PJGjc1GTtiWZTYg0NCgYwvnYWEkVChQAr9bjfwA==",
      "license": "(MIT OR CC0-1.0)",
      "engines": {
        "node": ">=16"
      },
      "funding": {
        "url": "https://github.com/sponsors/sindresorhus"
      }
    },
    "node_modules/typescript": {
      "version": "5.9.3",
      "resolved": "https://registry.npmjs.org/typescript/-/typescript-5.9.3.tgz",
      "integrity": "sha512-jl1vZzPDinLr9eUt3J/t7V6FgNEw9QjvBPdysz9KfQDD41fQrC2Y4vKQdiaUpFT4bXlb1RHhLpp8wtm6M5TgSw==",
      "dev": true,
      "license": "Apache-2.0",
      "bin": {
        "tsc": "bin/tsc",
        "tsserver": "bin/tsserver"
      },
      "engines": {
        "node": ">=14.17"
      }
    },
    "node_modules/typescript-event-target": {
      "version": "1.1.2",
      "resolved": "https://registry.npmjs.org/typescript-event-target/-/typescript-event-target-1.1.2.tgz",
      "integrity": "sha512-TvkrTUpv7gCPlcnSoEwUVUBwsdheKm+HF5u2tPAKubkIGMfovdSizCTaZRY/NhR8+Ijy8iZZUapbVQAsNrkFrw==",
      "license": "MIT"
    },
    "node_modules/undici-types": {
      "version": "6.21.0",
      "resolved": "https://registry.npmjs.org/undici-types/-/undici-types-6.21.0.tgz",
      "integrity": "sha512-iwDZqg0QAGrg9Rav5H4n0M64c3mkR59cJ6wQp+7C4nI0gsmExaedaYLNO44eT4AtBBwjbTiGPMlt2Md0T9H9JQ==",
      "dev": true,
      "license": "MIT"
    },
    "node_modules/ws": {
      "version": "8.20.0",
      "resolved": "https://registry.npmjs.org/ws/-/ws-8.20.0.tgz",
      "integrity": "sha512-sAt8BhgNbzCtgGbt2OxmpuryO63ZoDk/sqaB/znQm94T4fCEsy/yV+7CdC1kJhOU9lboAEU7R3kquuycDoibVA==",
      "license": "MIT",
      "engines": {
        "node": ">=10.0.0"
      },
      "peerDependencies": {
        "bufferutil": "^4.0.1",
        "utf-8-validate": ">=5.0.2"
      },
      "peerDependenciesMeta": {
        "bufferutil": {
          "optional": true
        },
        "utf-8-validate": {
          "optional": true
        }
      }
    }
  }
}
